
Microsoft Visual Studio Solution File, Format Version 12.00
# Visual Studio Version 17
VisualStudioVersion = 17.5.33424.131
MinimumVisualStudioVersion = 10.0.40219.1
Project("{FAE04EC0-301F-11D3-BF4B-00C04F79EFBC}") = "ChatBlazor.Server", "ChatBlazor\Server\ChatBlazor.Server.csproj", "{1D3497F0-0991-45AD-B04E-CB8A50F93DA4}"
EndProject
Project("{FAE04EC0-301F-11D3-BF4B-00C04F79EFBC}") = "ChatBlazor.Client", "ChatBlazor\Client\ChatBlazor.Client.csproj", "{D7C5EBAE-8E7F-4EA9-989E-4813BC81AB5A}"
EndProject
Project("{FAE04EC0-301F-11D3-BF4B-00C04F79EFBC}") = "ChatBlazor.Shared", "ChatBlazor\Shared\ChatBlazor.Shared.csproj", "{49F3101F-CB7A-47A5-AD01-FAD8D6EA6056}"
EndProject
Global
	GlobalSection(SolutionConfigurationPlatforms) = preSolution
		Debug|Any CPU = Debug|Any CPU
		Release|Any CPU = Release|Any CPU
	EndGlobalSection
	GlobalSection(ProjectConfigurationPlatforms) = postSolution
		{1D3497F0-0991-45AD-B04E-CB8A50F93DA4}.Debug|Any CPU.ActiveCfg = Debug|Any CPU
		{1D3497F0-0991-45AD-B04E-CB8A50F93DA4}.Debug|Any CPU.Build.0 = Debug|Any CPU
		{1D3497F0-0991-45AD-B04E-CB8A50F93DA4}.Release|Any CPU.ActiveCfg = Release|Any CPU
		{1D3497F0-0991-45AD-B04E-CB8A50F93DA4}.Release|Any CPU.Build.0 = Release|Any CPU
		{D7C5EBAE-8E7F-4EA9-989E-4813BC81AB5A}.Debug|Any CPU.ActiveCfg = Debug|Any CPU
		{D7C5EBAE-8E7F-4EA9-989E-4813BC81AB5A}.Debug|Any CPU.Build.0 = Debug|Any CPU
		{D7C5EBAE-8E7F-4EA9-989E-4813BC81AB5A}.Release|Any CPU.ActiveCfg = Release|Any CPU
		{D7C5EBAE-8E7F-4EA9-989E-4813BC81AB5A}.Release|Any CPU.Build.0 = Release|Any CPU
		{49F3101F-CB7A-47A5-AD01-FAD8D6EA6056}.Debug|Any CPU.ActiveCfg = Debug|Any CPU
		{49F3101F-CB7A-47A5-AD01-FAD8D6EA6056}.Debug|Any CPU.Build.0 = Debug|Any CPU
		{49F3101F-CB7A-47A5-AD01-FAD8D6EA6056}.Release|Any CPU.ActiveCfg = Release|Any CPU
		{49F3101F-CB7A-47A5-AD01-FAD8D6EA6056}.Release|Any CPU.Build.0 = Release|Any CPU
	EndGlobalSection
	GlobalSection(SolutionProperties) = preSolution
		HideSolutionNode = FALSE
	EndGlobalSection
	GlobalSection(ExtensibilityGlobals) = postSolution
		SolutionGuid = {79FC08F4-81DC-4122-88D8-CB71F641FAE8}
	EndGlobalSection
EndGlobal
